
Microsoft Visual Studio Solution File, Format Version 12.00
# Visual Studio Version 16
VisualStudioVersion = 16.0.32630.194
MinimumVisualStudioVersion = 10.0.40219.1
Project("{FAE04EC0-301F-11D3-BF4B-00C04F79EFBC}") = "YouTubeViewers.WPF", "YouTubeViewers.WPF\YouTubeViewers.WPF.csproj", "{00C0E953-8CA0-449D-A7C5-BAD41E1C8585}"
EndProject
Global
	GlobalSection(SolutionConfigurationPlatforms) = preSolution
		Debug|Any CPU = Debug|Any CPU
		Release|Any CPU = Release|Any CPU
	EndGlobalSection
	GlobalSection(ProjectConfigurationPlatforms) = postSolution
		{00C0E953-8CA0-449D-A7C5-BAD41E1C8585}.Debug|Any CPU.ActiveCfg = Debug|Any CPU
		{00C0E953-8CA0-449D-A7C5-BAD41E1C8585}.Debug|Any CPU.Build.0 = Debug|Any CPU
		{00C0E953-8CA0-449D-A7C5-BAD41E1C8585}.Release|Any CPU.ActiveCfg = Release|Any CPU
		{00C0E953-8CA0-449D-A7C5-BAD41E1C8585}.Release|Any CPU.Build.0 = Release|Any CPU
	EndGlobalSection
	GlobalSection(SolutionProperties) = preSolution
		HideSolutionNode = FALSE
	EndGlobalSection
	GlobalSection(ExtensibilityGlobals) = postSolution
		SolutionGuid = {E17D0F43-7339-4E97-9A83-00C15E77F83D}
	EndGlobalSection
EndGlobal
